{
    "_readme": [
        "This file locks the dependencies of your project to a known state",
        "Read more about it at http://getcomposer.org/doc/01-basic-usage.md#composer-lock-the-lock-file",
        "This file is @generated automatically"
    ],
    "hash": "afb0c4550a68725a5bc52830795168cb",
    "packages": [
        {
            "name": "bldr-io/gush-block",
            "version": "dev-master",
            "source": {
                "type": "git",
                "url": "https://github.com/bldr-io/gush-block.git",
                "reference": "62435841d28768da42afa7040e8db34aa446896a"
            },
            "dist": {
                "type": "zip",
                "url": "https://api.github.com/repos/bldr-io/gush-block/zipball/62435841d28768da42afa7040e8db34aa446896a",
                "reference": "62435841d28768da42afa7040e8db34aa446896a",
                "shasum": ""
            },
            "require-dev": {
                "bldr-io/bldr": "~6.2.0",
                "composer/composer": "dev-master",
                "dflydev/embedded-composer": "dev-master"
            },
            "type": "library",
            "extra": {
                "block-class": "Bldr\\Block\\Gush\\GushBlock"
            },
            "autoload": {
                "psr-4": {
                    "Bldr\\Block\\Gush\\": "src/"
                }
            },
            "notification-url": "https://packagist.org/downloads/",
            "license": [
                "MIT"
            ],
            "authors": [
                {
                    "name": "Aaron Scherer",
                    "email": "aequasi@gmail.com"
                },
                {
                    "name": "Luis Cordova",
                    "email": "cordoval@gmail.com"
                }
            ],
            "description": "Bldr Block for working with GushPHP",
            "time": "2014-08-13 05:36:04"
        }
    ],
    "packages-dev": [],
    "aliases": [],
    "minimum-stability": "stable",
    "stability-flags": {
        "bldr-io/gush-block": 20
    },
    "platform": [],
    "platform-dev": []
}
